github.com/jbarham/primegen v0.0.0-20200302115600-8ce4838491a0 h1:1icIF7p+KYk5pJ2f9kv2xZy8HxNXoWj2PkKO0EovqTE=
github.com/jbarham/primegen v0.0.0-20200302115600-8ce4838491a0/go.mod h1:Airb7uqSrSAayrH8p4ZE/b6QfKuoWMv7WoSfMtF/3Lc=
github.com/kavehmz/prime v1.0.0 h1:7nwQQWxmw/DYw5/fQdphqkmgWmoln6zcvYav1v29Bo0=
github.com/kavehmz/prime v1.0.0/go.mod h1:o8keQ+3ZXNoHQHNjdjnACFJUNhN0RfHyGvkzQzbzl78=
github.com/sourcekris/goflint v0.0.0-20210914114802-f9662cf830a9/go.mod h1:6J49YTQ8HphjsifNRSe1bSNVCE29zlu5W9bGd+1PdxU=
github.com/sourcekris/goflint v1.0.1 h1:qq0DZyEZrQ8YRzxKGXretEEWXb+m80sbEtBl/8QR9Ik=
github.com/sourcekris/goflint v1.0.1/go.mod h1:0ZUDLmp6m/l4oMsXITQYD6gM1mivhulLBc6eAEiVs+E=
github.com/sourcekris/gogmpecm v0.0.0-20211214113902-8a5f196d84bc h1:ZOmgsxlLvnd6cSgW//Q7oBmHZ1j+SCX8ziHOuBGm/Ro=
github.com/sourcekris/gogmpecm v0.0.0-20211214113902-8a5f196d84bc/go.mod h1:tXu70utapcitOP5k9+RhQOkWC4dYlu9tWpYK8Pf8pek=
github.com/sourcekris/mathparse v0.0.0-20211122043138-232758c46ee7 h1:2sjppih/GmHB1M7PUWhHRtk3wHC8quS8iUO/i4UKJ+o=
github.com/sourcekris/mathparse v0.0.0-20211122043138-232758c46ee7/go.mod h1:R/W4E9o7bW/nv0RSvWNPM2lzx9QcrEcyq0r+pfNkVHs=
github.com/sourcekris/x509big v0.0.0-20211122043228-e8ea46e23d32 h1:s/kAIRy7ZSq5z83Cvcfcl6foG7FrrzHzMO9etMg63Vo=
github.com/sourcekris/x509big v0.0.0-20211122043228-e8ea46e23d32/go.mod h1:MZTjAroW6Rg4twxg1JyjcZgmW/DtKoFEKpi649qL0rc=
